
Microsoft Visual Studio Solution File, Format Version 12.00
# Visual Studio 15
VisualStudioVersion = 15.0.28307.1145
MinimumVisualStudioVersion = 10.0.40219.1
Project("{FAE04EC0-301F-11D3-BF4B-00C04F79EFBC}") = "CmdApi", "CmdApi\CmdApi.csproj", "{6EC13D1A-4BEA-4EB1-86D4-3A7D5F36C191}"
EndProject
Global
	GlobalSection(SolutionConfigurationPlatforms) = preSolution
		Debug|Any CPU = Debug|Any CPU
		Release|Any CPU = Release|Any CPU
	EndGlobalSection
	GlobalSection(ProjectConfigurationPlatforms) = postSolution
		{6EC13D1A-4BEA-4EB1-86D4-3A7D5F36C191}.Debug|Any CPU.ActiveCfg = Debug|Any CPU
		{6EC13D1A-4BEA-4EB1-86D4-3A7D5F36C191}.Debug|Any CPU.Build.0 = Debug|Any CPU
		{6EC13D1A-4BEA-4EB1-86D4-3A7D5F36C191}.Release|Any CPU.ActiveCfg = Release|Any CPU
		{6EC13D1A-4BEA-4EB1-86D4-3A7D5F36C191}.Release|Any CPU.Build.0 = Release|Any CPU
	EndGlobalSection
	GlobalSection(SolutionProperties) = preSolution
		HideSolutionNode = FALSE
	EndGlobalSection
	GlobalSection(ExtensibilityGlobals) = postSolution
		SolutionGuid = {02D1A6B5-6995-4D48-88B0-E679C5A21B7C}
	EndGlobalSection
EndGlobal
